
Microsoft Visual Studio Solution File, Format Version 12.00
# Visual Studio Version 17
VisualStudioVersion = 17.4.33205.214
MinimumVisualStudioVersion = 10.0.40219.1
Project("{888888A0-9F3D-457C-B088-3A5042F75D52}") = "Canvas_kasutamine", "Canvas_kasutamine.pyproj", "{941C1F92-17E8-427D-A750-2A855ED04C77}"
EndProject
Global
	GlobalSection(SolutionConfigurationPlatforms) = preSolution
		Debug|Any CPU = Debug|Any CPU
		Release|Any CPU = Release|Any CPU
	EndGlobalSection
	GlobalSection(ProjectConfigurationPlatforms) = postSolution
		{941C1F92-17E8-427D-A750-2A855ED04C77}.Debug|Any CPU.ActiveCfg = Debug|Any CPU
		{941C1F92-17E8-427D-A750-2A855ED04C77}.Release|Any CPU.ActiveCfg = Release|Any CPU
	EndGlobalSection
	GlobalSection(SolutionProperties) = preSolution
		HideSolutionNode = FALSE
	EndGlobalSection
	GlobalSection(ExtensibilityGlobals) = postSolution
		SolutionGuid = {1EEEF520-1F19-474E-AB3E-4E7B7D295E06}
	EndGlobalSection
EndGlobal
